
Microsoft Visual Studio Solution File, Format Version 12.00
# Visual Studio Version 17
VisualStudioVersion = 17.0.31903.59
MinimumVisualStudioVersion = 10.0.40219.1
Project("{2150E333-8FDC-42A3-9474-1A3956D46DE8}") = "ParadiseHotels", "ParadiseHotels", "{5A866B9B-D53F-45F0-A4B9-E1A15EA61283}"
EndProject
Project("{2150E333-8FDC-42A3-9474-1A3956D46DE8}") = "ParadiseHotels.DAL", "ParadiseHotels.DAL", "{7AD72F76-BBE4-476B-8325-A880DE374390}"
EndProject
Project("{FAE04EC0-301F-11D3-BF4B-00C04F79EFBC}") = "ParadiseHotels.DAL", "ParadiseHotels.DAL\ParadiseHotels.DAL.csproj", "{EA789805-6DD7-48AA-ADC2-340462C388E6}"
EndProject
Project("{FAE04EC0-301F-11D3-BF4B-00C04F79EFBC}") = "ParadiseHotels", "ParadiseHotels\ParadiseHotels.csproj", "{D590BC45-9A42-46C5-B815-9893F21A731D}"
EndProject
Global
	GlobalSection(SolutionConfigurationPlatforms) = preSolution
		Debug|Any CPU = Debug|Any CPU
		Release|Any CPU = Release|Any CPU
	EndGlobalSection
	GlobalSection(SolutionProperties) = preSolution
		HideSolutionNode = FALSE
	EndGlobalSection
	GlobalSection(NestedProjects) = preSolution
		{EA789805-6DD7-48AA-ADC2-340462C388E6} = {7AD72F76-BBE4-476B-8325-A880DE374390}
		{D590BC45-9A42-46C5-B815-9893F21A731D} = {5A866B9B-D53F-45F0-A4B9-E1A15EA61283}
	EndGlobalSection
	GlobalSection(ProjectConfigurationPlatforms) = postSolution
		{EA789805-6DD7-48AA-ADC2-340462C388E6}.Debug|Any CPU.ActiveCfg = Debug|Any CPU
		{EA789805-6DD7-48AA-ADC2-340462C388E6}.Debug|Any CPU.Build.0 = Debug|Any CPU
		{EA789805-6DD7-48AA-ADC2-340462C388E6}.Release|Any CPU.ActiveCfg = Release|Any CPU
		{EA789805-6DD7-48AA-ADC2-340462C388E6}.Release|Any CPU.Build.0 = Release|Any CPU
		{D590BC45-9A42-46C5-B815-9893F21A731D}.Debug|Any CPU.ActiveCfg = Debug|Any CPU
		{D590BC45-9A42-46C5-B815-9893F21A731D}.Debug|Any CPU.Build.0 = Debug|Any CPU
		{D590BC45-9A42-46C5-B815-9893F21A731D}.Release|Any CPU.ActiveCfg = Release|Any CPU
		{D590BC45-9A42-46C5-B815-9893F21A731D}.Release|Any CPU.Build.0 = Release|Any CPU
	EndGlobalSection
EndGlobal
